{
  "name": "dva-type",
  "version": "1.0.3",
  "lockfileVersion": 2,
  "requires": true,
  "packages": {
    "": {
      "version": "1.0.3",
      "license": "ISC",
      "devDependencies": {
        "dva": "^2.4.1",
        "react-redux": "^5.0.7"
      },
      "peerDependencies": {
        "typescript": "^4.1.0"
      }
    },
    "node_modules/@babel/runtime": {
      "version": "7.0.0-beta.46",
      "resolved": "https://registry.npmjs.org/@babel/runtime/-/runtime-7.0.0-beta.46.tgz",
      "integrity": "sha512-/3a3USMKk54BEHhDgY8rtxtaQOs4bp4aQwo6SDtdwmrXmgSgEusWuXNX5oIs/nwzmTD9o8wz2EyAjA+uHDMmJA==",
      "dev": true,
      "dependencies": {
        "core-js": "^2.5.3",
        "regenerator-runtime": "^0.11.1"
      }
    },
    "node_modules/@types/history": {
      "version": "4.7.8",
      "resolved": "https://registry.npmjs.org/@types/history/-/history-4.7.8.tgz",
      "integrity": "sha512-S78QIYirQcUoo6UJZx9CSP0O2ix9IaeAXwQi26Rhr/+mg7qqPy8TzaxHSUut7eGjL8WmLccT7/MXf304WjqHcA==",
      "dev": true
    },
    "node_modules/@types/isomorphic-fetch": {
      "version": "0.0.34",
      "resolved": "https://registry.npmjs.org/@types/isomorphic-fetch/-/isomorphic-fetch-0.0.34.tgz",
      "integrity": "sha1-PDSD5gbAQTeEOOlRRk8A5OYHBtY=",
      "dev": true
    },
    "node_modules/@types/prop-types": {
      "version": "15.7.3",
      "resolved": "https://registry.npmjs.org/@types/prop-types/-/prop-types-15.7.3.tgz",
      "integrity": "sha512-KfRL3PuHmqQLOG+2tGpRO26Ctg+Cq1E01D2DMriKEATHgWLfeNDmq9e29Q9WIky0dQ3NPkd1mzYH8Lm936Z9qw==",
      "dev": true
    },
    "node_modules/@types/react": {
      "version": "17.0.9",
      "resolved": "https://registry.npmjs.org/@types/react/-/react-17.0.9.tgz",
      "integrity": "sha512-2Cw7FvevpJxQrCb+k5t6GH1KIvmadj5uBbjPaLlJB/nZWUj56e1ZqcD6zsoMFB47MsJUTFl9RJ132A7hb3QFJA==",
      "dev": true,
      "dependencies": {
        "@types/prop-types": "*",
        "@types/scheduler": "*",
        "csstype": "^3.0.2"
      }
    },
    "node_modules/@types/react-router": {
      "version": "5.1.14",
      "resolved": "https://registry.npmjs.org/@types/react-router/-/react-router-5.1.14.tgz",
      "integrity": "sha512-LAJpqYUaCTMT2anZheoidiIymt8MuX286zoVFPM3DVb23aQBH0mAkFvzpd4LKqiolV8bBtZWT5Qp7hClCNDENw==",
      "dev": true,
      "dependencies": {
        "@types/history": "*",
        "@types/react": "*"
      }
    },
    "node_modules/@types/react-router-dom": {
      "version": "4.3.5",
      "resolved": "https://registry.npmjs.org/@types/react-router-dom/-/react-router-dom-4.3.5.tgz",
      "integrity": "sha512-eFajSUASYbPHg2BDM1G8Btx+YqGgvROPIg6sBhl3O4kbDdYXdFdfrgQFf/pcBuQVObjfT9AL/dd15jilR5DIEA==",
      "dev": true,
      "dependencies": {
        "@types/history": "*",
        "@types/react": "*",
        "@types/react-router": "*"
      }
    },
    "node_modules/@types/react-router-redux": {
      "version": "5.0.18",
      "resolved": "https://registry.npmjs.org/@types/react-router-redux/-/react-router-redux-5.0.18.tgz",
      "integrity": "sha512-5SI69Virpmo+5HXWXKIzSt5hsnV7TTidL3Ddmbi+PH1CIdi40wthJwjFoqiE+gRQANur5WhjEtfyPorJ4zymHA==",
      "dev": true,
      "dependencies": {
        "@types/history": "*",
        "@types/react": "*",
        "@types/react-router": "*",
        "redux": ">= 3.7.2"
      }
    },
    "node_modules/@types/scheduler": {
      "version": "0.16.1",
      "resolved": "https://registry.npmjs.org/@types/scheduler/-/scheduler-0.16.1.tgz",
      "integrity": "sha512-EaCxbanVeyxDRTQBkdLb3Bvl/HK7PBK6UJjsSixB0iHKoWxE5uu2Q/DgtpOhPIojN0Zl1whvOd7PoHs2P0s5eA==",
      "dev": true
    },
    "node_modules/core-js": {
      "version": "2.6.12",
      "resolved": "https://registry.npmjs.org/core-js/-/core-js-2.6.12.tgz",
      "integrity": "sha512-Kb2wC0fvsWfQrgk8HU5lW6U/Lcs8+9aaYcy4ZFc6DDlo4nZ7n70dEgE5rtR0oG6ufKDUnrwfWL1mXR5ljDatrQ==",
      "deprecated": "core-js@<3.3 is no longer maintained and not recommended for usage due to the number of issues. Because of the V8 engine whims, feature detection in old core-js versions could cause a slowdown up to 100x even if nothing is polyfilled. Please, upgrade your dependencies to the actual version of core-js.",
      "dev": true,
      "hasInstallScript": true
    },
    "node_modules/csstype": {
      "version": "3.0.8",
      "resolved": "https://registry.npmjs.org/csstype/-/csstype-3.0.8.tgz",
      "integrity": "sha512-jXKhWqXPmlUeoQnF/EhTtTl4C9SnrxSH/jZUih3jmO6lBKr99rP3/+FmrMj4EFpOXzMtXHAZkd3x0E6h6Fgflw==",
      "dev": true
    },
    "node_modules/dom-walk": {
      "version": "0.1.2",
      "resolved": "https://registry.npmjs.org/dom-walk/-/dom-walk-0.1.2.tgz",
      "integrity": "sha512-6QvTW9mrGeIegrFXdtQi9pk7O/nSK6lSdXW2eqUspN5LWD7UTji2Fqw5V2YLjBpHEoU9Xl/eUWNpDeZvoyOv2w==",
      "dev": true
    },
    "node_modules/dva": {
      "version": "2.4.1",
      "resolved": "https://registry.npmjs.org/dva/-/dva-2.4.1.tgz",
      "integrity": "sha512-ggj/P4lYa+7GBZuNua2Sn8rDjhbb2Mjt9THUKlunSYSBwIVU5xFIBkCB87JBPc274ojL9h/hKOmVFVFlWzlRpg==",
      "dev": true,
      "dependencies": {
        "@babel/runtime": "7.0.0-beta.46",
        "@types/isomorphic-fetch": "^0.0.34",
        "@types/react-router-dom": "^4.2.7",
        "@types/react-router-redux": "^5.0.13",
        "dva-core": "^1.4.0",
        "global": "^4.3.2",
        "history": "^4.6.3",
        "invariant": "^2.2.2",
        "isomorphic-fetch": "^2.2.1",
        "react-redux": "5.0.7",
        "react-router-dom": "^4.1.2",
        "react-router-redux": "5.0.0-alpha.9",
        "redux": "^3.7.2"
      },
      "peerDependencies": {
        "react": "15.x || ^16.0.0-0",
        "react-dom": "15.x || ^16.0.0-0"
      }
    },
    "node_modules/dva-core": {
      "version": "1.4.0",
      "resolved": "https://registry.npmjs.org/dva-core/-/dva-core-1.4.0.tgz",
      "integrity": "sha512-g1CnnF80+oGTUv9qZCc5vndkPHwoODiAGzdcGFMbT78+SmrbYgbvO5wyRBGvebmLYyaTJt4tLqvHIP+UYJoxkQ==",
      "dev": true,
      "dependencies": {
        "@babel/runtime": "7.0.0-beta.46",
        "flatten": "^1.0.2",
        "global": "^4.3.2",
        "invariant": "^2.2.1",
        "is-plain-object": "^2.0.3",
        "redux": "^3.7.1",
        "redux-saga": "^0.16.0",
        "warning": "^3.0.0"
      },
      "peerDependencies": {
        "redux": "3.x"
      }
    },
    "node_modules/encoding": {
      "version": "0.1.13",
      "resolved": "https://registry.npmjs.org/encoding/-/encoding-0.1.13.tgz",
      "integrity": "sha512-ETBauow1T35Y/WZMkio9jiM0Z5xjHHmJ4XmjZOq1l/dXz3lr2sRn87nJy20RupqSh1F2m3HHPSp8ShIPQJrJ3A==",
      "dev": true,
      "dependencies": {
        "iconv-lite": "^0.6.2"
      }
    },
    "node_modules/flatten": {
      "version": "1.0.3",
      "resolved": "https://registry.npmjs.org/flatten/-/flatten-1.0.3.tgz",
      "integrity": "sha512-dVsPA/UwQ8+2uoFe5GHtiBMu48dWLTdsuEd7CKGlZlD78r1TTWBvDuFaFGKCo/ZfEr95Uk56vZoX86OsHkUeIg==",
      "dev": true
    },
    "node_modules/global": {
      "version": "4.4.0",
      "resolved": "https://registry.npmjs.org/global/-/global-4.4.0.tgz",
      "integrity": "sha512-wv/LAoHdRE3BeTGz53FAamhGlPLhlssK45usmGFThIi4XqnBmjKQ16u+RNbP7WvigRZDxUsM0J3gcQ5yicaL0w==",
      "dev": true,
      "dependencies": {
        "min-document": "^2.19.0",
        "process": "^0.11.10"
      }
    },
    "node_modules/history": {
      "version": "4.10.1",
      "resolved": "https://registry.npmjs.org/history/-/history-4.10.1.tgz",
      "integrity": "sha512-36nwAD620w12kuzPAsyINPWJqlNbij+hpK1k9XRloDtym8mxzGYl2c17LnV6IAGB2Dmg4tEa7G7DlawS0+qjew==",
      "dev": true,
      "dependencies": {
        "@babel/runtime": "^7.1.2",
        "loose-envify": "^1.2.0",
        "resolve-pathname": "^3.0.0",
        "tiny-invariant": "^1.0.2",
        "tiny-warning": "^1.0.0",
        "value-equal": "^1.0.1"
      }
    },
    "node_modules/history/node_modules/@babel/runtime": {
      "version": "7.14.0",
      "resolved": "https://registry.npmjs.org/@babel/runtime/-/runtime-7.14.0.tgz",
      "integrity": "sha512-JELkvo/DlpNdJ7dlyw/eY7E0suy5i5GQH+Vlxaq1nsNJ+H7f4Vtv3jMeCEgRhZZQFXTjldYfQgv2qmM6M1v5wA==",
      "dev": true,
      "dependencies": {
        "regenerator-runtime": "^0.13.4"
      }
    },
    "node_modules/history/node_modules/regenerator-runtime": {
      "version": "0.13.7",
      "resolved": "https://registry.npmjs.org/regenerator-runtime/-/regenerator-runtime-0.13.7.tgz",
      "integrity": "sha512-a54FxoJDIr27pgf7IgeQGxmqUNYrcV338lf/6gH456HZ/PhX+5BcwHXG9ajESmwe6WRO0tAzRUrRmNONWgkrew==",
      "dev": true
    },
    "node_modules/hoist-non-react-statics": {
      "version": "2.5.5",
      "resolved": "https://registry.npmjs.org/hoist-non-react-statics/-/hoist-non-react-statics-2.5.5.tgz",
      "integrity": "sha512-rqcy4pJo55FTTLWt+bU8ukscqHeE/e9KWvsOW2b/a3afxQZhwkQdT1rPPCJ0rYXdj4vNcasY8zHTH+jF/qStxw==",
      "dev": true
    },
    "node_modules/iconv-lite": {
      "version": "0.6.3",
      "resolved": "https://registry.npmjs.org/iconv-lite/-/iconv-lite-0.6.3.tgz",
      "integrity": "sha512-4fCk79wshMdzMp2rH06qWrJE4iolqLhCUH+OiuIgU++RB0+94NlDL81atO7GX55uUKueo0txHNtvEyI6D7WdMw==",
      "dev": true,
      "dependencies": {
        "safer-buffer": ">= 2.1.2 < 3.0.0"
      },
      "engines": {
        "node": ">=0.10.0"
      }
    },
    "node_modules/invariant": {
      "version": "2.2.4",
      "resolved": "https://registry.npmjs.org/invariant/-/invariant-2.2.4.tgz",
      "integrity": "sha512-phJfQVBuaJM5raOpJjSfkiD6BpbCE4Ns//LaXl6wGYtUBY83nWS6Rf9tXm2e8VaK60JEjYldbPif/A2B1C2gNA==",
      "dev": true,
      "dependencies": {
        "loose-envify": "^1.0.0"
      }
    },
    "node_modules/is-plain-object": {
      "version": "2.0.4",
      "resolved": "https://registry.npmjs.org/is-plain-object/-/is-plain-object-2.0.4.tgz",
      "integrity": "sha512-h5PpgXkWitc38BBMYawTYMWJHFZJVnBquFE57xFpjB8pJFiF6gZ+bU+WyI/yqXiFR5mdLsgYNaPe8uao6Uv9Og==",
      "dev": true,
      "dependencies": {
        "isobject": "^3.0.1"
      },
      "engines": {
        "node": ">=0.10.0"
      }
    },
    "node_modules/is-stream": {
      "version": "1.1.0",
      "resolved": "https://registry.npmjs.org/is-stream/-/is-stream-1.1.0.tgz",
      "integrity": "sha1-EtSj3U5o4Lec6428hBc66A2RykQ=",
      "dev": true,
      "engines": {
        "node": ">=0.10.0"
      }
    },
    "node_modules/isarray": {
      "version": "0.0.1",
      "resolved": "https://registry.npmjs.org/isarray/-/isarray-0.0.1.tgz",
      "integrity": "sha1-ihis/Kmo9Bd+Cav8YDiTmwXR7t8=",
      "dev": true
    },
    "node_modules/isobject": {
      "version": "3.0.1",
      "resolved": "https://registry.npmjs.org/isobject/-/isobject-3.0.1.tgz",
      "integrity": "sha1-TkMekrEalzFjaqH5yNHMvP2reN8=",
      "dev": true,
      "engines": {
        "node": ">=0.10.0"
      }
    },
    "node_modules/isomorphic-fetch": {
      "version": "2.2.1",
      "resolved": "https://registry.npmjs.org/isomorphic-fetch/-/isomorphic-fetch-2.2.1.tgz",
      "integrity": "sha1-YRrhrPFPXoH3KVB0coGf6XM1WKk=",
      "dev": true,
      "dependencies": {
        "node-fetch": "^1.0.1",
        "whatwg-fetch": ">=0.10.0"
      }
    },
    "node_modules/js-tokens": {
      "version": "4.0.0",
      "resolved": "https://registry.npmjs.org/js-tokens/-/js-tokens-4.0.0.tgz",
      "integrity": "sha512-RdJUflcE3cUzKiMqQgsCu06FPu9UdIJO0beYbPhHN4k6apgJtifcoCtT9bcxOpYBtpD2kCM6Sbzg4CausW/PKQ==",
      "dev": true
    },
    "node_modules/lodash": {
      "version": "4.17.21",
      "resolved": "https://registry.npmjs.org/lodash/-/lodash-4.17.21.tgz",
      "integrity": "sha512-v2kDEe57lecTulaDIuNTPy3Ry4gLGJ6Z1O3vE1krgXZNrsQ+LFTGHVxVjcXPs17LhbZVGedAJv8XZ1tvj5FvSg==",
      "dev": true
    },
    "node_modules/lodash-es": {
      "version": "4.17.21",
      "resolved": "https://registry.npmjs.org/lodash-es/-/lodash-es-4.17.21.tgz",
      "integrity": "sha512-mKnC+QJ9pWVzv+C4/U3rRsHapFfHvQFoFB92e52xeyGMcX6/OlIl78je1u8vePzYZSkkogMPJ2yjxxsb89cxyw==",
      "dev": true
    },
    "node_modules/loose-envify": {
      "version": "1.4.0",
      "resolved": "https://registry.npmjs.org/loose-envify/-/loose-envify-1.4.0.tgz",
      "integrity": "sha512-lyuxPGr/Wfhrlem2CL/UcnUc1zcqKAImBDzukY7Y5F/yQiNdko6+fRLevlw1HgMySw7f611UIY408EtxRSoK3Q==",
      "dev": true,
      "dependencies": {
        "js-tokens": "^3.0.0 || ^4.0.0"
      },
      "bin": {
        "loose-envify": "cli.js"
      }
    },
    "node_modules/min-document": {
      "version": "2.19.0",
      "resolved": "https://registry.npmjs.org/min-document/-/min-document-2.19.0.tgz",
      "integrity": "sha1-e9KC4/WELtKVu3SM3Z8f+iyCRoU=",
      "dev": true,
      "dependencies": {
        "dom-walk": "^0.1.0"
      }
    },
    "node_modules/node-fetch": {
      "version": "1.7.3",
      "resolved": "https://registry.npmjs.org/node-fetch/-/node-fetch-1.7.3.tgz",
      "integrity": "sha512-NhZ4CsKx7cYm2vSrBAr2PvFOe6sWDf0UYLRqA6svUYg7+/TSfVAu49jYC4BvQ4Sms9SZgdqGBgroqfDhJdTyKQ==",
      "dev": true,
      "dependencies": {
        "encoding": "^0.1.11",
        "is-stream": "^1.0.1"
      }
    },
    "node_modules/object-assign": {
      "version": "4.1.1",
      "resolved": "https://registry.npmjs.org/object-assign/-/object-assign-4.1.1.tgz",
      "integrity": "sha1-IQmtx5ZYh8/AXLvUQsrIv7s2CGM=",
      "dev": true,
      "engines": {
        "node": ">=0.10.0"
      }
    },
    "node_modules/path-to-regexp": {
      "version": "1.8.0",
      "resolved": "https://registry.npmjs.org/path-to-regexp/-/path-to-regexp-1.8.0.tgz",
      "integrity": "sha512-n43JRhlUKUAlibEJhPeir1ncUID16QnEjNpwzNdO3Lm4ywrBpBZ5oLD0I6br9evr1Y9JTqwRtAh7JLoOzAQdVA==",
      "dev": true,
      "dependencies": {
        "isarray": "0.0.1"
      }
    },
    "node_modules/process": {
      "version": "0.11.10",
      "resolved": "https://registry.npmjs.org/process/-/process-0.11.10.tgz",
      "integrity": "sha1-czIwDoQBYb2j5podHZGn1LwW8YI=",
      "dev": true,
      "engines": {
        "node": ">= 0.6.0"
      }
    },
    "node_modules/prop-types": {
      "version": "15.7.2",
      "resolved": "https://registry.npmjs.org/prop-types/-/prop-types-15.7.2.tgz",
      "integrity": "sha512-8QQikdH7//R2vurIJSutZ1smHYTcLpRWEOlHnzcWHmBYrOGUysKwSsrC89BCiFj3CbrfJ/nXFdJepOVrY1GCHQ==",
      "dev": true,
      "dependencies": {
        "loose-envify": "^1.4.0",
        "object-assign": "^4.1.1",
        "react-is": "^16.8.1"
      }
    },
    "node_modules/react": {
      "version": "16.14.0",
      "resolved": "https://registry.npmjs.org/react/-/react-16.14.0.tgz",
      "integrity": "sha512-0X2CImDkJGApiAlcf0ODKIneSwBPhqJawOa5wCtKbu7ZECrmS26NvtSILynQ66cgkT/RJ4LidJOc3bUESwmU8g==",
      "dev": true,
      "peer": true,
      "dependencies": {
        "loose-envify": "^1.1.0",
        "object-assign": "^4.1.1",
        "prop-types": "^15.6.2"
      },
      "engines": {
        "node": ">=0.10.0"
      }
    },
    "node_modules/react-dom": {
      "version": "16.14.0",
      "resolved": "https://registry.npmjs.org/react-dom/-/react-dom-16.14.0.tgz",
      "integrity": "sha512-1gCeQXDLoIqMgqD3IO2Ah9bnf0w9kzhwN5q4FGnHZ67hBm9yePzB5JJAIQCc8x3pFnNlwFq4RidZggNAAkzWWw==",
      "dev": true,
      "peer": true,
      "dependencies": {
        "loose-envify": "^1.1.0",
        "object-assign": "^4.1.1",
        "prop-types": "^15.6.2",
        "scheduler": "^0.19.1"
      },
      "peerDependencies": {
        "react": "^16.14.0"
      }
    },
    "node_modules/react-is": {
      "version": "16.13.1",
      "resolved": "https://registry.npmjs.org/react-is/-/react-is-16.13.1.tgz",
      "integrity": "sha512-24e6ynE2H+OKt4kqsOvNd8kBpV65zoxbA4BVsEOB3ARVWQki/DHzaUoC5KuON/BiccDaCCTZBuOcfZs70kR8bQ==",
      "dev": true
    },
    "node_modules/react-redux": {
      "version": "5.0.7",
      "resolved": "https://registry.npmjs.org/react-redux/-/react-redux-5.0.7.tgz",
      "integrity": "sha512-5VI8EV5hdgNgyjfmWzBbdrqUkrVRKlyTKk1sGH3jzM2M2Mhj/seQgPXaz6gVAj2lz/nz688AdTqMO18Lr24Zhg==",
      "dev": true,
      "dependencies": {
        "hoist-non-react-statics": "^2.5.0",
        "invariant": "^2.0.0",
        "lodash": "^4.17.5",
        "lodash-es": "^4.17.5",
        "loose-envify": "^1.1.0",
        "prop-types": "^15.6.0"
      },
      "peerDependencies": {
        "react": "^0.14.0 || ^15.0.0-0 || ^16.0.0-0",
        "redux": "^2.0.0 || ^3.0.0 || ^4.0.0-0"
      }
    },
    "node_modules/react-router": {
      "version": "4.3.1",
      "resolved": "https://registry.npmjs.org/react-router/-/react-router-4.3.1.tgz",
      "integrity": "sha512-yrvL8AogDh2X42Dt9iknk4wF4V8bWREPirFfS9gLU1huk6qK41sg7Z/1S81jjTrGHxa3B8R3J6xIkDAA6CVarg==",
      "dev": true,
      "dependencies": {
        "history": "^4.7.2",
        "hoist-non-react-statics": "^2.5.0",
        "invariant": "^2.2.4",
        "loose-envify": "^1.3.1",
        "path-to-regexp": "^1.7.0",
        "prop-types": "^15.6.1",
        "warning": "^4.0.1"
      },
      "peerDependencies": {
        "react": ">=15"
      }
    },
    "node_modules/react-router-dom": {
      "version": "4.3.1",
      "resolved": "https://registry.npmjs.org/react-router-dom/-/react-router-dom-4.3.1.tgz",
      "integrity": "sha512-c/MlywfxDdCp7EnB7YfPMOfMD3tOtIjrQlj/CKfNMBxdmpJP8xcz5P/UAFn3JbnQCNUxsHyVVqllF9LhgVyFCA==",
      "dev": true,
      "dependencies": {
        "history": "^4.7.2",
        "invariant": "^2.2.4",
        "loose-envify": "^1.3.1",
        "prop-types": "^15.6.1",
        "react-router": "^4.3.1",
        "warning": "^4.0.1"
      },
      "peerDependencies": {
        "react": ">=15"
      }
    },
    "node_modules/react-router-dom/node_modules/warning": {
      "version": "4.0.3",
      "resolved": "https://registry.npmjs.org/warning/-/warning-4.0.3.tgz",
      "integrity": "sha512-rpJyN222KWIvHJ/F53XSZv0Zl/accqHR8et1kpaMTD/fLCRxtV8iX8czMzY7sVZupTI3zcUTg8eycS2kNF9l6w==",
      "dev": true,
      "dependencies": {
        "loose-envify": "^1.0.0"
      }
    },
    "node_modules/react-router-redux": {
      "version": "5.0.0-alpha.9",
      "resolved": "https://registry.npmjs.org/react-router-redux/-/react-router-redux-5.0.0-alpha.9.tgz",
      "integrity": "sha512-euSgNIANnRXr4GydIuwA7RZCefrLQzIw5WdXspS8NPYbV+FxrKSS9MKG7U9vb6vsKHONnA4VxrVNWfnMUnUQAw==",
      "deprecated": "This project is no longer maintained.",
      "dev": true,
      "dependencies": {
        "history": "^4.7.2",
        "prop-types": "^15.6.0",
        "react-router": "^4.2.0"
      },
      "peerDependencies": {
        "react": ">=15"
      }
    },
    "node_modules/react-router/node_modules/warning": {
      "version": "4.0.3",
      "resolved": "https://registry.npmjs.org/warning/-/warning-4.0.3.tgz",
      "integrity": "sha512-rpJyN222KWIvHJ/F53XSZv0Zl/accqHR8et1kpaMTD/fLCRxtV8iX8czMzY7sVZupTI3zcUTg8eycS2kNF9l6w==",
      "dev": true,
      "dependencies": {
        "loose-envify": "^1.0.0"
      }
    },
    "node_modules/redux": {
      "version": "3.7.2",
      "resolved": "https://registry.npmjs.org/redux/-/redux-3.7.2.tgz",
      "integrity": "sha512-pNqnf9q1hI5HHZRBkj3bAngGZW/JMCmexDlOxw4XagXY2o1327nHH54LoTjiPJ0gizoqPDRqWyX/00g0hD6w+A==",
      "dev": true,
      "dependencies": {
        "lodash": "^4.2.1",
        "lodash-es": "^4.2.1",
        "loose-envify": "^1.1.0",
        "symbol-observable": "^1.0.3"
      }
    },
    "node_modules/redux-saga": {
      "version": "0.16.2",
      "resolved": "https://registry.npmjs.org/redux-saga/-/redux-saga-0.16.2.tgz",
      "integrity": "sha512-iIjKnRThI5sKPEASpUvySemjzwqwI13e3qP7oLub+FycCRDysLSAOwt958niZW6LhxfmS6Qm1BzbU70w/Koc4w==",
      "dev": true
    },
    "node_modules/regenerator-runtime": {
      "version": "0.11.1",
      "resolved": "https://registry.npmjs.org/regenerator-runtime/-/regenerator-runtime-0.11.1.tgz",
      "integrity": "sha512-MguG95oij0fC3QV3URf4V2SDYGJhJnJGqvIIgdECeODCT98wSWDAJ94SSuVpYQUoTcGUIL6L4yNB7j1DFFHSBg==",
      "dev": true
    },
    "node_modules/resolve-pathname": {
      "version": "3.0.0",
      "resolved": "https://registry.npmjs.org/resolve-pathname/-/resolve-pathname-3.0.0.tgz",
      "integrity": "sha512-C7rARubxI8bXFNB/hqcp/4iUeIXJhJZvFPFPiSPRnhU5UPxzMFIl+2E6yY6c4k9giDJAhtV+enfA+G89N6Csng==",
      "dev": true
    },
    "node_modules/safer-buffer": {
      "version": "2.1.2",
      "resolved": "https://registry.npmjs.org/safer-buffer/-/safer-buffer-2.1.2.tgz",
      "integrity": "sha512-YZo3K82SD7Riyi0E1EQPojLz7kpepnSQI9IyPbHHg1XXXevb5dJI7tpyN2ADxGcQbHG7vcyRHk0cbwqcQriUtg==",
      "dev": true
    },
    "node_modules/scheduler": {
      "version": "0.19.1",
      "resolved": "https://registry.npmjs.org/scheduler/-/scheduler-0.19.1.tgz",
      "integrity": "sha512-n/zwRWRYSUj0/3g/otKDRPMh6qv2SYMWNq85IEa8iZyAv8od9zDYpGSnpBEjNgcMNq6Scbu5KfIPxNF72R/2EA==",
      "dev": true,
      "peer": true,
      "dependencies": {
        "loose-envify": "^1.1.0",
        "object-assign": "^4.1.1"
      }
    },
    "node_modules/symbol-observable": {
      "version": "1.2.0",
      "resolved": "https://registry.npmjs.org/symbol-observable/-/symbol-observable-1.2.0.tgz",
      "integrity": "sha512-e900nM8RRtGhlV36KGEU9k65K3mPb1WV70OdjfxlG2EAuM1noi/E/BaW/uMhL7bPEssK8QV57vN3esixjUvcXQ==",
      "dev": true,
      "engines": {
        "node": ">=0.10.0"
      }
    },
    "node_modules/tiny-invariant": {
      "version": "1.1.0",
      "resolved": "https://registry.npmjs.org/tiny-invariant/-/tiny-invariant-1.1.0.tgz",
      "integrity": "sha512-ytxQvrb1cPc9WBEI/HSeYYoGD0kWnGEOR8RY6KomWLBVhqz0RgTwVO9dLrGz7dC+nN9llyI7OKAgRq8Vq4ZBSw==",
      "dev": true
    },
    "node_modules/tiny-warning": {
      "version": "1.0.3",
      "resolved": "https://registry.npmjs.org/tiny-warning/-/tiny-warning-1.0.3.tgz",
      "integrity": "sha512-lBN9zLN/oAf68o3zNXYrdCt1kP8WsiGW8Oo2ka41b2IM5JL/S1CTyX1rW0mb/zSuJun0ZUrDxx4sqvYS2FWzPA==",
      "dev": true
    },
    "node_modules/typescript": {
      "version": "4.3.2",
      "resolved": "https://registry.npmjs.org/typescript/-/typescript-4.3.2.tgz",
      "integrity": "sha512-zZ4hShnmnoVnAHpVHWpTcxdv7dWP60S2FsydQLV8V5PbS3FifjWFFRiHSWpDJahly88PRyV5teTSLoq4eG7mKw==",
      "peer": true,
      "bin": {
        "tsc": "bin/tsc",
        "tsserver": "bin/tsserver"
      },
      "engines": {
        "node": ">=4.2.0"
      }
    },
    "node_modules/value-equal": {
      "version": "1.0.1",
      "resolved": "https://registry.npmjs.org/value-equal/-/value-equal-1.0.1.tgz",
      "integrity": "sha512-NOJ6JZCAWr0zlxZt+xqCHNTEKOsrks2HQd4MqhP1qy4z1SkbEP467eNx6TgDKXMvUOb+OENfJCZwM+16n7fRfw==",
      "dev": true
    },
    "node_modules/warning": {
      "version": "3.0.0",
      "resolved": "https://registry.npmjs.org/warning/-/warning-3.0.0.tgz",
      "integrity": "sha1-MuU3fLVy3kqwR1O9+IIcAe1gW3w=",
      "dev": true,
      "dependencies": {
        "loose-envify": "^1.0.0"
      }
    },
    "node_modules/whatwg-fetch": {
      "version": "3.6.2",
      "resolved": "https://registry.npmjs.org/whatwg-fetch/-/whatwg-fetch-3.6.2.tgz",
      "integrity": "sha512-bJlen0FcuU/0EMLrdbJ7zOnW6ITZLrZMIarMUVmdKtsGvZna8vxKYaexICWPfZ8qwf9fzNq+UEIZrnSaApt6RA==",
      "dev": true
    }
  },
  "dependencies": {
    "@babel/runtime": {
      "version": "7.0.0-beta.46",
      "resolved": "https://registry.npmjs.org/@babel/runtime/-/runtime-7.0.0-beta.46.tgz",
      "integrity": "sha512-/3a3USMKk54BEHhDgY8rtxtaQOs4bp4aQwo6SDtdwmrXmgSgEusWuXNX5oIs/nwzmTD9o8wz2EyAjA+uHDMmJA==",
      "dev": true,
      "requires": {
        "core-js": "^2.5.3",
        "regenerator-runtime": "^0.11.1"
      }
    },
    "@types/history": {
      "version": "4.7.8",
      "resolved": "https://registry.npmjs.org/@types/history/-/history-4.7.8.tgz",
      "integrity": "sha512-S78QIYirQcUoo6UJZx9CSP0O2ix9IaeAXwQi26Rhr/+mg7qqPy8TzaxHSUut7eGjL8WmLccT7/MXf304WjqHcA==",
      "dev": true
    },
    "@types/isomorphic-fetch": {
      "version": "0.0.34",
      "resolved": "https://registry.npmjs.org/@types/isomorphic-fetch/-/isomorphic-fetch-0.0.34.tgz",
      "integrity": "sha1-PDSD5gbAQTeEOOlRRk8A5OYHBtY=",
      "dev": true
    },
    "@types/prop-types": {
      "version": "15.7.3",
      "resolved": "https://registry.npmjs.org/@types/prop-types/-/prop-types-15.7.3.tgz",
      "integrity": "sha512-KfRL3PuHmqQLOG+2tGpRO26Ctg+Cq1E01D2DMriKEATHgWLfeNDmq9e29Q9WIky0dQ3NPkd1mzYH8Lm936Z9qw==",
      "dev": true
    },
    "@types/react": {
      "version": "17.0.9",
      "resolved": "https://registry.npmjs.org/@types/react/-/react-17.0.9.tgz",
      "integrity": "sha512-2Cw7FvevpJxQrCb+k5t6GH1KIvmadj5uBbjPaLlJB/nZWUj56e1ZqcD6zsoMFB47MsJUTFl9RJ132A7hb3QFJA==",
      "dev": true,
      "requires": {
        "@types/prop-types": "*",
        "@types/scheduler": "*",
        "csstype": "^3.0.2"
      }
    },
    "@types/react-router": {
      "version": "5.1.14",
      "resolved": "https://registry.npmjs.org/@types/react-router/-/react-router-5.1.14.tgz",
      "integrity": "sha512-LAJpqYUaCTMT2anZheoidiIymt8MuX286zoVFPM3DVb23aQBH0mAkFvzpd4LKqiolV8bBtZWT5Qp7hClCNDENw==",
      "dev": true,
      "requires": {
        "@types/history": "*",
        "@types/react": "*"
      }
    },
    "@types/react-router-dom": {
      "version": "4.3.5",
      "resolved": "https://registry.npmjs.org/@types/react-router-dom/-/react-router-dom-4.3.5.tgz",
      "integrity": "sha512-eFajSUASYbPHg2BDM1G8Btx+YqGgvROPIg6sBhl3O4kbDdYXdFdfrgQFf/pcBuQVObjfT9AL/dd15jilR5DIEA==",
      "dev": true,
      "requires": {
        "@types/history": "*",
        "@types/react": "*",
        "@types/react-router": "*"
      }
    },
    "@types/react-router-redux": {
      "version": "5.0.18",
      "resolved": "https://registry.npmjs.org/@types/react-router-redux/-/react-router-redux-5.0.18.tgz",
      "integrity": "sha512-5SI69Virpmo+5HXWXKIzSt5hsnV7TTidL3Ddmbi+PH1CIdi40wthJwjFoqiE+gRQANur5WhjEtfyPorJ4zymHA==",
      "dev": true,
      "requires": {
        "@types/history": "*",
        "@types/react": "*",
        "@types/react-router": "*",
        "redux": ">= 3.7.2"
      }
    },
    "@types/scheduler": {
      "version": "0.16.1",
      "resolved": "https://registry.npmjs.org/@types/scheduler/-/scheduler-0.16.1.tgz",
      "integrity": "sha512-EaCxbanVeyxDRTQBkdLb3Bvl/HK7PBK6UJjsSixB0iHKoWxE5uu2Q/DgtpOhPIojN0Zl1whvOd7PoHs2P0s5eA==",
      "dev": true
    },
    "core-js": {
      "version": "2.6.12",
      "resolved": "https://registry.npmjs.org/core-js/-/core-js-2.6.12.tgz",
      "integrity": "sha512-Kb2wC0fvsWfQrgk8HU5lW6U/Lcs8+9aaYcy4ZFc6DDlo4nZ7n70dEgE5rtR0oG6ufKDUnrwfWL1mXR5ljDatrQ==",
      "dev": true
    },
    "csstype": {
      "version": "3.0.8",
      "resolved": "https://registry.npmjs.org/csstype/-/csstype-3.0.8.tgz",
      "integrity": "sha512-jXKhWqXPmlUeoQnF/EhTtTl4C9SnrxSH/jZUih3jmO6lBKr99rP3/+FmrMj4EFpOXzMtXHAZkd3x0E6h6Fgflw==",
      "dev": true
    },
    "dom-walk": {
      "version": "0.1.2",
      "resolved": "https://registry.npmjs.org/dom-walk/-/dom-walk-0.1.2.tgz",
      "integrity": "sha512-6QvTW9mrGeIegrFXdtQi9pk7O/nSK6lSdXW2eqUspN5LWD7UTji2Fqw5V2YLjBpHEoU9Xl/eUWNpDeZvoyOv2w==",
      "dev": true
    },
    "dva": {
      "version": "2.4.1",
      "resolved": "https://registry.npmjs.org/dva/-/dva-2.4.1.tgz",
      "integrity": "sha512-ggj/P4lYa+7GBZuNua2Sn8rDjhbb2Mjt9THUKlunSYSBwIVU5xFIBkCB87JBPc274ojL9h/hKOmVFVFlWzlRpg==",
      "dev": true,
      "requires": {
        "@babel/runtime": "7.0.0-beta.46",
        "@types/isomorphic-fetch": "^0.0.34",
        "@types/react-router-dom": "^4.2.7",
        "@types/react-router-redux": "^5.0.13",
        "dva-core": "^1.4.0",
        "global": "^4.3.2",
        "history": "^4.6.3",
        "invariant": "^2.2.2",
        "isomorphic-fetch": "^2.2.1",
        "react-redux": "5.0.7",
        "react-router-dom": "^4.1.2",
        "react-router-redux": "5.0.0-alpha.9",
        "redux": "^3.7.2"
      }
    },
    "dva-core": {
      "version": "1.4.0",
      "resolved": "https://registry.npmjs.org/dva-core/-/dva-core-1.4.0.tgz",
      "integrity": "sha512-g1CnnF80+oGTUv9qZCc5vndkPHwoODiAGzdcGFMbT78+SmrbYgbvO5wyRBGvebmLYyaTJt4tLqvHIP+UYJoxkQ==",
      "dev": true,
      "requires": {
        "@babel/runtime": "7.0.0-beta.46",
        "flatten": "^1.0.2",
        "global": "^4.3.2",
        "invariant": "^2.2.1",
        "is-plain-object": "^2.0.3",
        "redux-saga": "^0.16.0",
        "warning": "^3.0.0"
      }
    },
    "encoding": {
      "version": "0.1.13",
      "resolved": "https://registry.npmjs.org/encoding/-/encoding-0.1.13.tgz",
      "integrity": "sha512-ETBauow1T35Y/WZMkio9jiM0Z5xjHHmJ4XmjZOq1l/dXz3lr2sRn87nJy20RupqSh1F2m3HHPSp8ShIPQJrJ3A==",
      "dev": true,
      "requires": {
        "iconv-lite": "^0.6.2"
      }
    },
    "flatten": {
      "version": "1.0.3",
      "resolved": "https://registry.npmjs.org/flatten/-/flatten-1.0.3.tgz",
      "integrity": "sha512-dVsPA/UwQ8+2uoFe5GHtiBMu48dWLTdsuEd7CKGlZlD78r1TTWBvDuFaFGKCo/ZfEr95Uk56vZoX86OsHkUeIg==",
      "dev": true
    },
    "global": {
      "version": "4.4.0",
      "resolved": "https://registry.npmjs.org/global/-/global-4.4.0.tgz",
      "integrity": "sha512-wv/LAoHdRE3BeTGz53FAamhGlPLhlssK45usmGFThIi4XqnBmjKQ16u+RNbP7WvigRZDxUsM0J3gcQ5yicaL0w==",
      "dev": true,
      "requires": {
        "min-document": "^2.19.0",
        "process": "^0.11.10"
      }
    },
    "history": {
      "version": "4.10.1",
      "resolved": "https://registry.npmjs.org/history/-/history-4.10.1.tgz",
      "integrity": "sha512-36nwAD620w12kuzPAsyINPWJqlNbij+hpK1k9XRloDtym8mxzGYl2c17LnV6IAGB2Dmg4tEa7G7DlawS0+qjew==",
      "dev": true,
      "requires": {
        "@babel/runtime": "^7.1.2",
        "loose-envify": "^1.2.0",
        "resolve-pathname": "^3.0.0",
        "tiny-invariant": "^1.0.2",
        "tiny-warning": "^1.0.0",
        "value-equal": "^1.0.1"
      },
      "dependencies": {
        "@babel/runtime": {
          "version": "7.14.0",
          "resolved": "https://registry.npmjs.org/@babel/runtime/-/runtime-7.14.0.tgz",
          "integrity": "sha512-JELkvo/DlpNdJ7dlyw/eY7E0suy5i5GQH+Vlxaq1nsNJ+H7f4Vtv3jMeCEgRhZZQFXTjldYfQgv2qmM6M1v5wA==",
          "dev": true,
          "requires": {
            "regenerator-runtime": "^0.13.4"
          }
        },
        "regenerator-runtime": {
          "version": "0.13.7",
          "resolved": "https://registry.npmjs.org/regenerator-runtime/-/regenerator-runtime-0.13.7.tgz",
          "integrity": "sha512-a54FxoJDIr27pgf7IgeQGxmqUNYrcV338lf/6gH456HZ/PhX+5BcwHXG9ajESmwe6WRO0tAzRUrRmNONWgkrew==",
          "dev": true
        }
      }
    },
    "hoist-non-react-statics": {
      "version": "2.5.5",
      "resolved": "https://registry.npmjs.org/hoist-non-react-statics/-/hoist-non-react-statics-2.5.5.tgz",
      "integrity": "sha512-rqcy4pJo55FTTLWt+bU8ukscqHeE/e9KWvsOW2b/a3afxQZhwkQdT1rPPCJ0rYXdj4vNcasY8zHTH+jF/qStxw==",
      "dev": true
    },
    "iconv-lite": {
      "version": "0.6.3",
      "resolved": "https://registry.npmjs.org/iconv-lite/-/iconv-lite-0.6.3.tgz",
      "integrity": "sha512-4fCk79wshMdzMp2rH06qWrJE4iolqLhCUH+OiuIgU++RB0+94NlDL81atO7GX55uUKueo0txHNtvEyI6D7WdMw==",
      "dev": true,
      "requires": {
        "safer-buffer": ">= 2.1.2 < 3.0.0"
      }
    },
    "invariant": {
      "version": "2.2.4",
      "resolved": "https://registry.npmjs.org/invariant/-/invariant-2.2.4.tgz",
      "integrity": "sha512-phJfQVBuaJM5raOpJjSfkiD6BpbCE4Ns//LaXl6wGYtUBY83nWS6Rf9tXm2e8VaK60JEjYldbPif/A2B1C2gNA==",
      "dev": true,
      "requires": {
        "loose-envify": "^1.0.0"
      }
    },
    "is-plain-object": {
      "version": "2.0.4",
      "resolved": "https://registry.npmjs.org/is-plain-object/-/is-plain-object-2.0.4.tgz",
      "integrity": "sha512-h5PpgXkWitc38BBMYawTYMWJHFZJVnBquFE57xFpjB8pJFiF6gZ+bU+WyI/yqXiFR5mdLsgYNaPe8uao6Uv9Og==",
      "dev": true,
      "requires": {
        "isobject": "^3.0.1"
      }
    },
    "is-stream": {
      "version": "1.1.0",
      "resolved": "https://registry.npmjs.org/is-stream/-/is-stream-1.1.0.tgz",
      "integrity": "sha1-EtSj3U5o4Lec6428hBc66A2RykQ=",
      "dev": true
    },
    "isarray": {
      "version": "0.0.1",
      "resolved": "https://registry.npmjs.org/isarray/-/isarray-0.0.1.tgz",
      "integrity": "sha1-ihis/Kmo9Bd+Cav8YDiTmwXR7t8=",
      "dev": true
    },
    "isobject": {
      "version": "3.0.1",
      "resolved": "https://registry.npmjs.org/isobject/-/isobject-3.0.1.tgz",
      "integrity": "sha1-TkMekrEalzFjaqH5yNHMvP2reN8=",
      "dev": true
    },
    "isomorphic-fetch": {
      "version": "2.2.1",
      "resolved": "https://registry.npmjs.org/isomorphic-fetch/-/isomorphic-fetch-2.2.1.tgz",
      "integrity": "sha1-YRrhrPFPXoH3KVB0coGf6XM1WKk=",
      "dev": true,
      "requires": {
        "node-fetch": "^1.0.1",
        "whatwg-fetch": ">=0.10.0"
      }
    },
    "js-tokens": {
      "version": "4.0.0",
      "resolved": "https://registry.npmjs.org/js-tokens/-/js-tokens-4.0.0.tgz",
      "integrity": "sha512-RdJUflcE3cUzKiMqQgsCu06FPu9UdIJO0beYbPhHN4k6apgJtifcoCtT9bcxOpYBtpD2kCM6Sbzg4CausW/PKQ==",
      "dev": true
    },
    "lodash": {
      "version": "4.17.21",
      "resolved": "https://registry.npmjs.org/lodash/-/lodash-4.17.21.tgz",
      "integrity": "sha512-v2kDEe57lecTulaDIuNTPy3Ry4gLGJ6Z1O3vE1krgXZNrsQ+LFTGHVxVjcXPs17LhbZVGedAJv8XZ1tvj5FvSg==",
      "dev": true
    },
    "lodash-es": {
      "version": "4.17.21",
      "resolved": "https://registry.npmjs.org/lodash-es/-/lodash-es-4.17.21.tgz",
      "integrity": "sha512-mKnC+QJ9pWVzv+C4/U3rRsHapFfHvQFoFB92e52xeyGMcX6/OlIl78je1u8vePzYZSkkogMPJ2yjxxsb89cxyw==",
      "dev": true
    },
    "loose-envify": {
      "version": "1.4.0",
      "resolved": "https://registry.npmjs.org/loose-envify/-/loose-envify-1.4.0.tgz",
      "integrity": "sha512-lyuxPGr/Wfhrlem2CL/UcnUc1zcqKAImBDzukY7Y5F/yQiNdko6+fRLevlw1HgMySw7f611UIY408EtxRSoK3Q==",
      "dev": true,
      "requires": {
        "js-tokens": "^3.0.0 || ^4.0.0"
      }
    },
    "min-document": {
      "version": "2.19.0",
      "resolved": "https://registry.npmjs.org/min-document/-/min-document-2.19.0.tgz",
      "integrity": "sha1-e9KC4/WELtKVu3SM3Z8f+iyCRoU=",
      "dev": true,
      "requires": {
        "dom-walk": "^0.1.0"
      }
    },
    "node-fetch": {
      "version": "1.7.3",
      "resolved": "https://registry.npmjs.org/node-fetch/-/node-fetch-1.7.3.tgz",
      "integrity": "sha512-NhZ4CsKx7cYm2vSrBAr2PvFOe6sWDf0UYLRqA6svUYg7+/TSfVAu49jYC4BvQ4Sms9SZgdqGBgroqfDhJdTyKQ==",
      "dev": true,
      "requires": {
        "encoding": "^0.1.11",
        "is-stream": "^1.0.1"
      }
    },
    "object-assign": {
      "version": "4.1.1",
      "resolved": "https://registry.npmjs.org/object-assign/-/object-assign-4.1.1.tgz",
      "integrity": "sha1-IQmtx5ZYh8/AXLvUQsrIv7s2CGM=",
      "dev": true
    },
    "path-to-regexp": {
      "version": "1.8.0",
      "resolved": "https://registry.npmjs.org/path-to-regexp/-/path-to-regexp-1.8.0.tgz",
      "integrity": "sha512-n43JRhlUKUAlibEJhPeir1ncUID16QnEjNpwzNdO3Lm4ywrBpBZ5oLD0I6br9evr1Y9JTqwRtAh7JLoOzAQdVA==",
      "dev": true,
      "requires": {
        "isarray": "0.0.1"
      }
    },
    "process": {
      "version": "0.11.10",
      "resolved": "https://registry.npmjs.org/process/-/process-0.11.10.tgz",
      "integrity": "sha1-czIwDoQBYb2j5podHZGn1LwW8YI=",
      "dev": true
    },
    "prop-types": {
      "version": "15.7.2",
      "resolved": "https://registry.npmjs.org/prop-types/-/prop-types-15.7.2.tgz",
      "integrity": "sha512-8QQikdH7//R2vurIJSutZ1smHYTcLpRWEOlHnzcWHmBYrOGUysKwSsrC89BCiFj3CbrfJ/nXFdJepOVrY1GCHQ==",
      "dev": true,
      "requires": {
        "loose-envify": "^1.4.0",
        "object-assign": "^4.1.1",
        "react-is": "^16.8.1"
      }
    },
    "react": {
      "version": "16.14.0",
      "resolved": "https://registry.npmjs.org/react/-/react-16.14.0.tgz",
      "integrity": "sha512-0X2CImDkJGApiAlcf0ODKIneSwBPhqJawOa5wCtKbu7ZECrmS26NvtSILynQ66cgkT/RJ4LidJOc3bUESwmU8g==",
      "dev": true,
      "peer": true,
      "requires": {
        "loose-envify": "^1.1.0",
        "object-assign": "^4.1.1",
        "prop-types": "^15.6.2"
      }
    },
    "react-dom": {
      "version": "16.14.0",
      "resolved": "https://registry.npmjs.org/react-dom/-/react-dom-16.14.0.tgz",
      "integrity": "sha512-1gCeQXDLoIqMgqD3IO2Ah9bnf0w9kzhwN5q4FGnHZ67hBm9yePzB5JJAIQCc8x3pFnNlwFq4RidZggNAAkzWWw==",
      "dev": true,
      "peer": true,
      "requires": {
        "loose-envify": "^1.1.0",
        "object-assign": "^4.1.1",
        "prop-types": "^15.6.2",
        "scheduler": "^0.19.1"
      }
    },
    "react-is": {
      "version": "16.13.1",
      "resolved": "https://registry.npmjs.org/react-is/-/react-is-16.13.1.tgz",
      "integrity": "sha512-24e6ynE2H+OKt4kqsOvNd8kBpV65zoxbA4BVsEOB3ARVWQki/DHzaUoC5KuON/BiccDaCCTZBuOcfZs70kR8bQ==",
      "dev": true
    },
    "react-redux": {
      "version": "5.0.7",
      "resolved": "https://registry.npmjs.org/react-redux/-/react-redux-5.0.7.tgz",
      "integrity": "sha512-5VI8EV5hdgNgyjfmWzBbdrqUkrVRKlyTKk1sGH3jzM2M2Mhj/seQgPXaz6gVAj2lz/nz688AdTqMO18Lr24Zhg==",
      "dev": true,
      "requires": {
        "hoist-non-react-statics": "^2.5.0",
        "invariant": "^2.0.0",
        "lodash": "^4.17.5",
        "lodash-es": "^4.17.5",
        "loose-envify": "^1.1.0",
        "prop-types": "^15.6.0"
      }
    },
    "react-router": {
      "version": "4.3.1",
      "resolved": "https://registry.npmjs.org/react-router/-/react-router-4.3.1.tgz",
      "integrity": "sha512-yrvL8AogDh2X42Dt9iknk4wF4V8bWREPirFfS9gLU1huk6qK41sg7Z/1S81jjTrGHxa3B8R3J6xIkDAA6CVarg==",
      "dev": true,
      "requires": {
        "history": "^4.7.2",
        "hoist-non-react-statics": "^2.5.0",
        "invariant": "^2.2.4",
        "loose-envify": "^1.3.1",
        "path-to-regexp": "^1.7.0",
        "prop-types": "^15.6.1",
        "warning": "^4.0.1"
      },
      "dependencies": {
        "warning": {
          "version": "4.0.3",
          "resolved": "https://registry.npmjs.org/warning/-/warning-4.0.3.tgz",
          "integrity": "sha512-rpJyN222KWIvHJ/F53XSZv0Zl/accqHR8et1kpaMTD/fLCRxtV8iX8czMzY7sVZupTI3zcUTg8eycS2kNF9l6w==",
          "dev": true,
          "requires": {
            "loose-envify": "^1.0.0"
          }
        }
      }
    },
    "react-router-dom": {
      "version": "4.3.1",
      "resolved": "https://registry.npmjs.org/react-router-dom/-/react-router-dom-4.3.1.tgz",
      "integrity": "sha512-c/MlywfxDdCp7EnB7YfPMOfMD3tOtIjrQlj/CKfNMBxdmpJP8xcz5P/UAFn3JbnQCNUxsHyVVqllF9LhgVyFCA==",
      "dev": true,
      "requires": {
        "history": "^4.7.2",
        "invariant": "^2.2.4",
        "loose-envify": "^1.3.1",
        "prop-types": "^15.6.1",
        "react-router": "^4.3.1",
        "warning": "^4.0.1"
      },
      "dependencies": {
        "warning": {
          "version": "4.0.3",
          "resolved": "https://registry.npmjs.org/warning/-/warning-4.0.3.tgz",
          "integrity": "sha512-rpJyN222KWIvHJ/F53XSZv0Zl/accqHR8et1kpaMTD/fLCRxtV8iX8czMzY7sVZupTI3zcUTg8eycS2kNF9l6w==",
          "dev": true,
          "requires": {
            "loose-envify": "^1.0.0"
          }
        }
      }
    },
    "react-router-redux": {
      "version": "5.0.0-alpha.9",
      "resolved": "https://registry.npmjs.org/react-router-redux/-/react-router-redux-5.0.0-alpha.9.tgz",
      "integrity": "sha512-euSgNIANnRXr4GydIuwA7RZCefrLQzIw5WdXspS8NPYbV+FxrKSS9MKG7U9vb6vsKHONnA4VxrVNWfnMUnUQAw==",
      "dev": true,
      "requires": {
        "history": "^4.7.2",
        "prop-types": "^15.6.0",
        "react-router": "^4.2.0"
      }
    },
    "redux": {
      "version": "3.7.2",
      "resolved": "https://registry.npmjs.org/redux/-/redux-3.7.2.tgz",
      "integrity": "sha512-pNqnf9q1hI5HHZRBkj3bAngGZW/JMCmexDlOxw4XagXY2o1327nHH54LoTjiPJ0gizoqPDRqWyX/00g0hD6w+A==",
      "dev": true,
      "requires": {
        "lodash": "^4.2.1",
        "lodash-es": "^4.2.1",
        "loose-envify": "^1.1.0",
        "symbol-observable": "^1.0.3"
      }
    },
    "redux-saga": {
      "version": "0.16.2",
      "resolved": "https://registry.npmjs.org/redux-saga/-/redux-saga-0.16.2.tgz",
      "integrity": "sha512-iIjKnRThI5sKPEASpUvySemjzwqwI13e3qP7oLub+FycCRDysLSAOwt958niZW6LhxfmS6Qm1BzbU70w/Koc4w==",
      "dev": true
    },
    "regenerator-runtime": {
      "version": "0.11.1",
      "resolved": "https://registry.npmjs.org/regenerator-runtime/-/regenerator-runtime-0.11.1.tgz",
      "integrity": "sha512-MguG95oij0fC3QV3URf4V2SDYGJhJnJGqvIIgdECeODCT98wSWDAJ94SSuVpYQUoTcGUIL6L4yNB7j1DFFHSBg==",
      "dev": true
    },
    "resolve-pathname": {
      "version": "3.0.0",
      "resolved": "https://registry.npmjs.org/resolve-pathname/-/resolve-pathname-3.0.0.tgz",
      "integrity": "sha512-C7rARubxI8bXFNB/hqcp/4iUeIXJhJZvFPFPiSPRnhU5UPxzMFIl+2E6yY6c4k9giDJAhtV+enfA+G89N6Csng==",
      "dev": true
    },
    "safer-buffer": {
      "version": "2.1.2",
      "resolved": "https://registry.npmjs.org/safer-buffer/-/safer-buffer-2.1.2.tgz",
      "integrity": "sha512-YZo3K82SD7Riyi0E1EQPojLz7kpepnSQI9IyPbHHg1XXXevb5dJI7tpyN2ADxGcQbHG7vcyRHk0cbwqcQriUtg==",
      "dev": true
    },
    "scheduler": {
      "version": "0.19.1",
      "resolved": "https://registry.npmjs.org/scheduler/-/scheduler-0.19.1.tgz",
      "integrity": "sha512-n/zwRWRYSUj0/3g/otKDRPMh6qv2SYMWNq85IEa8iZyAv8od9zDYpGSnpBEjNgcMNq6Scbu5KfIPxNF72R/2EA==",
      "dev": true,
      "peer": true,
      "requires": {
        "loose-envify": "^1.1.0",
        "object-assign": "^4.1.1"
      }
    },
    "symbol-observable": {
      "version": "1.2.0",
      "resolved": "https://registry.npmjs.org/symbol-observable/-/symbol-observable-1.2.0.tgz",
      "integrity": "sha512-e900nM8RRtGhlV36KGEU9k65K3mPb1WV70OdjfxlG2EAuM1noi/E/BaW/uMhL7bPEssK8QV57vN3esixjUvcXQ==",
      "dev": true
    },
    "tiny-invariant": {
      "version": "1.1.0",
      "resolved": "https://registry.npmjs.org/tiny-invariant/-/tiny-invariant-1.1.0.tgz",
      "integrity": "sha512-ytxQvrb1cPc9WBEI/HSeYYoGD0kWnGEOR8RY6KomWLBVhqz0RgTwVO9dLrGz7dC+nN9llyI7OKAgRq8Vq4ZBSw==",
      "dev": true
    },
    "tiny-warning": {
      "version": "1.0.3",
      "resolved": "https://registry.npmjs.org/tiny-warning/-/tiny-warning-1.0.3.tgz",
      "integrity": "sha512-lBN9zLN/oAf68o3zNXYrdCt1kP8WsiGW8Oo2ka41b2IM5JL/S1CTyX1rW0mb/zSuJun0ZUrDxx4sqvYS2FWzPA==",
      "dev": true
    },
    "typescript": {
      "version": "4.3.2",
      "resolved": "https://registry.npmjs.org/typescript/-/typescript-4.3.2.tgz",
      "integrity": "sha512-zZ4hShnmnoVnAHpVHWpTcxdv7dWP60S2FsydQLV8V5PbS3FifjWFFRiHSWpDJahly88PRyV5teTSLoq4eG7mKw==",
      "peer": true
    },
    "value-equal": {
      "version": "1.0.1",
      "resolved": "https://registry.npmjs.org/value-equal/-/value-equal-1.0.1.tgz",
      "integrity": "sha512-NOJ6JZCAWr0zlxZt+xqCHNTEKOsrks2HQd4MqhP1qy4z1SkbEP467eNx6TgDKXMvUOb+OENfJCZwM+16n7fRfw==",
      "dev": true
    },
    "warning": {
      "version": "3.0.0",
      "resolved": "https://registry.npmjs.org/warning/-/warning-3.0.0.tgz",
      "integrity": "sha1-MuU3fLVy3kqwR1O9+IIcAe1gW3w=",
      "dev": true,
      "requires": {
        "loose-envify": "^1.0.0"
      }
    },
    "whatwg-fetch": {
      "version": "3.6.2",
      "resolved": "https://registry.npmjs.org/whatwg-fetch/-/whatwg-fetch-3.6.2.tgz",
      "integrity": "sha512-bJlen0FcuU/0EMLrdbJ7zOnW6ITZLrZMIarMUVmdKtsGvZna8vxKYaexICWPfZ8qwf9fzNq+UEIZrnSaApt6RA==",
      "dev": true
    }
  }
}
